
Microsoft Visual Studio Solution File, Format Version 12.00
# Visual Studio Version 17
VisualStudioVersion = 17.11.35312.102
MinimumVisualStudioVersion = 10.0.40219.1
Project("{FAE04EC0-301F-11D3-BF4B-00C04F79EFBC}") = "EscalationAnalysisDb2", "EscalationAnalysisDb2\EscalationAnalysisDb2.csproj", "{485DE448-737E-46C6-8810-24E8D4B71451}"
EndProject
Global
	GlobalSection(SolutionConfigurationPlatforms) = preSolution
		Debug|Any CPU = Debug|Any CPU
		Release|Any CPU = Release|Any CPU
	EndGlobalSection
	GlobalSection(ProjectConfigurationPlatforms) = postSolution
		{485DE448-737E-46C6-8810-24E8D4B71451}.Debug|Any CPU.ActiveCfg = Debug|Any CPU
		{485DE448-737E-46C6-8810-24E8D4B71451}.Debug|Any CPU.Build.0 = Debug|Any CPU
		{485DE448-737E-46C6-8810-24E8D4B71451}.Release|Any CPU.ActiveCfg = Release|Any CPU
		{485DE448-737E-46C6-8810-24E8D4B71451}.Release|Any CPU.Build.0 = Release|Any CPU
	EndGlobalSection
	GlobalSection(SolutionProperties) = preSolution
		HideSolutionNode = FALSE
	EndGlobalSection
	GlobalSection(ExtensibilityGlobals) = postSolution
		SolutionGuid = {8C412C3E-5BC3-42BE-A907-85BDA701B328}
	EndGlobalSection
EndGlobal
